
Microsoft Visual Studio Solution File, Format Version 12.00
# Visual Studio Version 16
VisualStudioVersion = 16.0.32510.428
MinimumVisualStudioVersion = 10.0.40219.1
Project("{FAE04EC0-301F-11D3-BF4B-00C04F79EFBC}") = "SimpleSampleApp", "SimpleSampleApp.csproj", "{53C51AF7-E8B4-4A13-8714-1B63871A0B5F}"
EndProject
Global
	GlobalSection(SolutionConfigurationPlatforms) = preSolution
		Debug|Any CPU = Debug|Any CPU
		Release|Any CPU = Release|Any CPU
	EndGlobalSection
	GlobalSection(ProjectConfigurationPlatforms) = postSolution
		{53C51AF7-E8B4-4A13-8714-1B63871A0B5F}.Debug|Any CPU.ActiveCfg = Debug|Any CPU
		{53C51AF7-E8B4-4A13-8714-1B63871A0B5F}.Debug|Any CPU.Build.0 = Debug|Any CPU
		{53C51AF7-E8B4-4A13-8714-1B63871A0B5F}.Release|Any CPU.ActiveCfg = Release|Any CPU
		{53C51AF7-E8B4-4A13-8714-1B63871A0B5F}.Release|Any CPU.Build.0 = Release|Any CPU
	EndGlobalSection
	GlobalSection(SolutionProperties) = preSolution
		HideSolutionNode = FALSE
	EndGlobalSection
	GlobalSection(ExtensibilityGlobals) = postSolution
		SolutionGuid = {435023BE-3198-4B68-A647-DEBA28D62AC0}
	EndGlobalSection
EndGlobal
